// !$*UTF8*$!
{
	archiveVersion = 1;
	classes = {
	};
	objectVersion = 56;
	objects = {

/* Begin PBXBuildFile section */
		727B1DC02AF7E7F900F7E2EC /* AppDelegate.swift in Sources */ = {isa = PBXBuildFile; fileRef = 727B1DBF2AF7E7F900F7E2EC /* AppDelegate.swift */; };
		727B1DC22AF7E7F900F7E2EC /* SceneDelegate.swift in Sources */ = {isa = PBXBuildFile; fileRef = 727B1DC12AF7E7F900F7E2EC /* SceneDelegate.swift */; };
		727B1DC42AF7E7F900F7E2EC /* ViewController.swift in Sources */ = {isa = PBXBuildFile; fileRef = 727B1DC32AF7E7F900F7E2EC /* ViewController.swift */; };
		727B1DC72AF7E7F900F7E2EC /* Main.storyboard in Resources */ = {isa = PBXBuildFile; fileRef = 727B1DC52AF7E7F900F7E2EC /* Main.storyboard */; };
		727B1DC92AF7E7FA00F7E2EC /* Assets.xcassets in Resources */ = {isa = PBXBuildFile; fileRef = 727B1DC82AF7E7FA00F7E2EC /* Assets.xcassets */; };
		727B1DCC2AF7E7FA00F7E2EC /* LaunchScreen.storyboard in Resources */ = {isa = PBXBuildFile; fileRef = 727B1DCA2AF7E7FA00F7E2EC /* LaunchScreen.storyboard */; };
		727B1DD72AF7E7FA00F7E2EC /* I_Am_PoorTests.swift in Sources */ = {isa = PBXBuildFile; fileRef = 727B1DD62AF7E7FA00F7E2EC /* I_Am_PoorTests.swift */; };
		727B1DE12AF7E7FA00F7E2EC /* I_Am_PoorUITests.swift in Sources */ = {isa = PBXBuildFile; fileRef = 727B1DE02AF7E7FA00F7E2EC /* I_Am_PoorUITests.swift */; };
		727B1DE32AF7E7FA00F7E2EC /* I_Am_PoorUITestsLaunchTests.swift in Sources */ = {isa = PBXBuildFile; fileRef = 727B1DE22AF7E7FA00F7E2EC /* I_Am_PoorUITestsLaunchTests.swift */; };
/* End PBXBuildFile section */

/* Begin PBXContainerItemProxy section */
		727B1DD32AF7E7FA00F7E2EC /* PBXContainerItemProxy */ = {
			isa = PBXContainerItemProxy;
			containerPortal = 727B1DB42AF7E7F900F7E2EC /* Project object */;
			proxyType = 1;
			remoteGlobalIDString = 727B1DBB2AF7E7F900F7E2EC;
			remoteInfo = "I Am Poor";
		};
		727B1DDD2AF7E7FA00F7E2EC /* PBXContainerItemProxy */ = {
			isa = PBXContainerItemProxy;
			containerPortal = 727B1DB42AF7E7F900F7E2EC /* Project object */;
			proxyType = 1;
			remoteGlobalIDString = 727B1DBB2AF7E7F900F7E2EC;
			remoteInfo = "I Am Poor";
		};
/* End PBXContainerItemProxy section */

/* Begin PBXFileReference section */
		727B1DBC2AF7E7F900F7E2EC /* I Am Poor.app */ = {isa = PBXFileReference; explicitFileType = wrapper.application; includeInIndex = 0; path = "I Am Poor.app"; sourceTree = BUILT_PRODUCTS_DIR; };
		727B1DBF2AF7E7F900F7E2EC /* AppDelegate.swift */ = {isa = PBXFileReference; lastKnownFileType = sourcecode.swift; path = AppDelegate.swift; sourceTree = "<group>"; };
		727B1DC12AF7E7F900F7E2EC /* SceneDelegate.swift */ = {isa = PBXFileReference; lastKnownFileType = sourcecode.swift; path = SceneDelegate.swift; sourceTree = "<group>"; };
		727B1DC32AF7E7F900F7E2EC /* ViewController.swift */ = {isa = PBXFileReference; lastKnownFileType = sourcecode.swift; path = ViewController.swift; sourceTree = "<group>"; };
		727B1DC62AF7E7F900F7E2EC /* Base */ = {isa = PBXFileReference; lastKnownFileType = file.storyboard; name = Base; path = Base.lproj/Main.storyboard; sourceTree = "<group>"; };
		727B1DC82AF7E7FA00F7E2EC /* Assets.xcassets */ = {isa = PBXFileReference; lastKnownFileType = folder.assetcatalog; path = Assets.xcassets; sourceTree = "<group>"; };
		727B1DCB2AF7E7FA00F7E2EC /* Base */ = {isa = PBXFileReference; lastKnownFileType = file.storyboard; name = Base; path = Base.lproj/LaunchScreen.storyboard; sourceTree = "<group>"; };
		727B1DCD2AF7E7FA00F7E2EC /* Info.plist */ = {isa = PBXFileReference; lastKnownFileType = text.plist.xml; path = Info.plist; sourceTree = "<group>"; };
		727B1DD22AF7E7FA00F7E2EC /* I Am PoorTests.xctest */ = {isa = PBXFileReference; explicitFileType = wrapper.cfbundle; includeInIndex = 0; path = "I Am PoorTests.xctest"; sourceTree = BUILT_PRODUCTS_DIR; };
		727B1DD62AF7E7FA00F7E2EC /* I_Am_PoorTests.swift */ = {isa = PBXFileReference; lastKnownFileType = sourcecode.swift; path = I_Am_PoorTests.swift; sourceTree = "<group>"; };
		727B1DDC2AF7E7FA00F7E2EC /* I Am PoorUITests.xctest */ = {isa = PBXFileReference; explicitFileType = wrapper.cfbundle; includeInIndex = 0; path = "I Am PoorUITests.xctest"; sourceTree = BUILT_PRODUCTS_DIR; };
		727B1DE02AF7E7FA00F7E2EC /* I_Am_PoorUITests.swift */ = {isa = PBXFileReference; lastKnownFileType = sourcecode.swift; path = I_Am_PoorUITests.swift; sourceTree = "<group>"; };
		727B1DE22AF7E7FA00F7E2EC /* I_Am_PoorUITestsLaunchTests.swift */ = {isa = PBXFileReference; lastKnownFileType = sourcecode.swift; path = I_Am_PoorUITestsLaunchTests.swift; sourceTree = "<group>"; };
/* End PBXFileReference section */

/* Begin PBXFrameworksBuildPhase section */
		727B1DB92AF7E7F900F7E2EC /* Frameworks */ = {
			isa = PBXFrameworksBuildPhase;
			buildActionMask = 2147483647;
			files = (
			);
			runOnlyForDeploymentPostprocessing = 0;
		};
		727B1DCF2AF7E7FA00F7E2EC /* Frameworks */ = {
			isa = PBXFrameworksBuildPhase;
			buildActionMask = 2147483647;
			files = (
			);
			runOnlyForDeploymentPostprocessing = 0;
		};
		727B1DD92AF7E7FA00F7E2EC /* Frameworks */ = {
			isa = PBXFrameworksBuildPhase;
			buildActionMask = 2147483647;
			files = (
			);
			runOnlyForDeploymentPostprocessing = 0;
		};
/* End PBXFrameworksBuildPhase section */

/* Begin PBXGroup section */
		727B1DB32AF7E7F900F7E2EC = {
			isa = PBXGroup;
			children = (
				727B1DBE2AF7E7F900F7E2EC /* I Am Poor */,
				727B1DD52AF7E7FA00F7E2EC /* I Am PoorTests */,
				727B1DDF2AF7E7FA00F7E2EC /* I Am PoorUITests */,
				727B1DBD2AF7E7F900F7E2EC /* Products */,
			);
			sourceTree = "<group>";
		};
		727B1DBD2AF7E7F900F7E2EC /* Products */ = {
			isa = PBXGroup;
			children = (
				727B1DBC2AF7E7F900F7E2EC /* I Am Poor.app */,
				727B1DD22AF7E7FA00F7E2EC /* I Am PoorTests.xctest */,
				727B1DDC2AF7E7FA00F7E2EC /* I Am PoorUITests.xctest */,
			);
			name = Products;
			sourceTree = "<group>";
		};
		727B1DBE2AF7E7F900F7E2EC /* I Am Poor */ = {
			isa = PBXGroup;
			children = (
				727B1DBF2AF7E7F900F7E2EC /* AppDelegate.swift */,
				727B1DC12AF7E7F900F7E2EC /* SceneDelegate.swift */,
				727B1DC32AF7E7F900F7E2EC /* ViewController.swift */,
				727B1DC52AF7E7F900F7E2EC /* Main.storyboard */,
				727B1DC82AF7E7FA00F7E2EC /* Assets.xcassets */,
				727B1DCA2AF7E7FA00F7E2EC /* LaunchScreen.storyboard */,
				727B1DCD2AF7E7FA00F7E2EC /* Info.plist */,
			);
			path = "I Am Poor";
			sourceTree = "<group>";
		};
		727B1DD52AF7E7FA00F7E2EC /* I Am PoorTests */ = {
			isa = PBXGroup;
			children = (
				727B1DD62AF7E7FA00F7E2EC /* I_Am_PoorTests.swift */,
			);
			path = "I Am PoorTests";
			sourceTree = "<group>";
		};
		727B1DDF2AF7E7FA00F7E2EC /* I Am PoorUITests */ = {
			isa = PBXGroup;
			children = (
				727B1DE02AF7E7FA00F7E2EC /* I_Am_PoorUITests.swift */,
				727B1DE22AF7E7FA00F7E2EC /* I_Am_PoorUITestsLaunchTests.swift */,
			);
			path = "I Am PoorUITests";
			sourceTree = "<group>";
		};
/* End PBXGroup section */

/* Begin PBXNativeTarget section */
		727B1DBB2AF7E7F900F7E2EC /* I Am Poor */ = {
			isa = PBXNativeTarget;
			buildConfigurationList = 727B1DE62AF7E7FA00F7E2EC /* Build configuration list for PBXNativeTarget "I Am Poor" */;
			buildPhases = (
				727B1DB82AF7E7F900F7E2EC /* Sources */,
				727B1DB92AF7E7F900F7E2EC /* Frameworks */,
				727B1DBA2AF7E7F900F7E2EC /* Resources */,
			);
			buildRules = (
			);
			dependencies = (
			);
			name = "I Am Poor";
			productName = "I Am Poor";
			productReference = 727B1DBC2AF7E7F900F7E2EC /* I Am Poor.app */;
			productType = "com.apple.product-type.application";
		};
		727B1DD12AF7E7FA00F7E2EC /* I Am PoorTests */ = {
			isa = PBXNativeTarget;
			buildConfigurationList = 727B1DE92AF7E7FA00F7E2EC /* Build configuration list for PBXNativeTarget "I Am PoorTests" */;
			buildPhases = (
				727B1DCE2AF7E7FA00F7E2EC /* Sources */,
				727B1DCF2AF7E7FA00F7E2EC /* Frameworks */,
				727B1DD02AF7E7FA00F7E2EC /* Resources */,
			);
			buildRules = (
			);
			dependencies = (
				727B1DD42AF7E7FA00F7E2EC /* PBXTargetDependency */,
			);
			name = "I Am PoorTests";
			productName = "I Am PoorTests";
			productReference = 727B1DD22AF7E7FA00F7E2EC /* I Am PoorTests.xctest */;
			productType = "com.apple.product-type.bundle.unit-test";
		};
		727B1DDB2AF7E7FA00F7E2EC /* I Am PoorUITests */ = {
			isa = PBXNativeTarget;
			buildConfigurationList = 727B1DEC2AF7E7FA00F7E2EC /* Build configuration list for PBXNativeTarget "I Am PoorUITests" */;
			buildPhases = (
				727B1DD82AF7E7FA00F7E2EC /* Sources */,
				727B1DD92AF7E7FA00F7E2EC /* Frameworks */,
				727B1DDA2AF7E7FA00F7E2EC /* Resources */,
			);
			buildRules = (
			);
			dependencies = (
				727B1DDE2AF7E7FA00F7E2EC /* PBXTargetDependency */,
			);
			name = "I Am PoorUITests";
			productName = "I Am PoorUITests";
			productReference = 727B1DDC2AF7E7FA00F7E2EC /* I Am PoorUITests.xctest */;
			productType = "com.apple.product-type.bundle.ui-testing";
		};
/* End PBXNativeTarget section */

/* Begin PBXProject section */
		727B1DB42AF7E7F900F7E2EC /* Project object */ = {
			isa = PBXProject;
			attributes = {
				BuildIndependentTargetsInParallel = 1;
				LastSwiftUpdateCheck = 1500;
				LastUpgradeCheck = 1500;
				TargetAttributes = {
					727B1DBB2AF7E7F900F7E2EC = {
						CreatedOnToolsVersion = 15.0.1;
					};
					727B1DD12AF7E7FA00F7E2EC = {
						CreatedOnToolsVersion = 15.0.1;
						TestTargetID = 727B1DBB2AF7E7F900F7E2EC;
					};
					727B1DDB2AF7E7FA00F7E2EC = {
						CreatedOnToolsVersion = 15.0.1;
						TestTargetID = 727B1DBB2AF7E7F900F7E2EC;
					};
				};
			};
			buildConfigurationList = 727B1DB72AF7E7F900F7E2EC /* Build configuration list for PBXProject "I Am Poor" */;
			compatibilityVersion = "Xcode 14.0";
			developmentRegion = en;
			hasScannedForEncodings = 0;
			knownRegions = (
				en,
				Base,
			);
			mainGroup = 727B1DB32AF7E7F900F7E2EC;
			productRefGroup = 727B1DBD2AF7E7F900F7E2EC /* Products */;
			projectDirPath = "";
			projectRoot = "";
			targets = (
				727B1DBB2AF7E7F900F7E2EC /* I Am Poor */,
				727B1DD12AF7E7FA00F7E2EC /* I Am PoorTests */,
				727B1DDB2AF7E7FA00F7E2EC /* I Am PoorUITests */,
			);
		};
/* End PBXProject section */

/* Begin PBXResourcesBuildPhase section */
		727B1DBA2AF7E7F900F7E2EC /* Resources */ = {
			isa = PBXResourcesBuildPhase;
			buildActionMask = 2147483647;
			files = (
				727B1DCC2AF7E7FA00F7E2EC /* LaunchScreen.storyboard in Resources */,
				727B1DC92AF7E7FA00F7E2EC /* Assets.xcassets in Resources */,
				727B1DC72AF7E7F900F7E2EC /* Main.storyboard in Resources */,
			);
			runOnlyForDeploymentPostprocessing = 0;
		};
		727B1DD02AF7E7FA00F7E2EC /* Resources */ = {
			isa = PBXResourcesBuildPhase;
			buildActionMask = 2147483647;
			files = (
			);
			runOnlyForDeploymentPostprocessing = 0;
		};
		727B1DDA2AF7E7FA00F7E2EC /* Resources */ = {
			isa = PBXResourcesBuildPhase;
			buildActionMask = 2147483647;
			files = (
			);
			runOnlyForDeploymentPostprocessing = 0;
		};
/* End PBXResourcesBuildPhase section */

/* Begin PBXSourcesBuildPhase section */
		727B1DB82AF7E7F900F7E2EC /* Sources */ = {
			isa = PBXSourcesBuildPhase;
			buildActionMask = 2147483647;
			files = (
				727B1DC42AF7E7F900F7E2EC /* ViewController.swift in Sources */,
				727B1DC02AF7E7F900F7E2EC /* AppDelegate.swift in Sources */,
				727B1DC22AF7E7F900F7E2EC /* SceneDelegate.swift in Sources */,
			);
			runOnlyForDeploymentPostprocessing = 0;
		};
		727B1DCE2AF7E7FA00F7E2EC /* Sources */ = {
			isa = PBXSourcesBuildPhase;
			buildActionMask = 2147483647;
			files = (
				727B1DD72AF7E7FA00F7E2EC /* I_Am_PoorTests.swift in Sources */,
			);
			runOnlyForDeploymentPostprocessing = 0;
		};
		727B1DD82AF7E7FA00F7E2EC /* Sources */ = {
			isa = PBXSourcesBuildPhase;
			buildActionMask = 2147483647;
			files = (
				727B1DE32AF7E7FA00F7E2EC /* I_Am_PoorUITestsLaunchTests.swift in Sources */,
				727B1DE12AF7E7FA00F7E2EC /* I_Am_PoorUITests.swift in Sources */,
			);
			runOnlyForDeploymentPostprocessing = 0;
		};
/* End PBXSourcesBuildPhase section */

/* Begin PBXTargetDependency section */
		727B1DD42AF7E7FA00F7E2EC /* PBXTargetDependency */ = {
			isa = PBXTargetDependency;
			target = 727B1DBB2AF7E7F900F7E2EC /* I Am Poor */;
			targetProxy = 727B1DD32AF7E7FA00F7E2EC /* PBXContainerItemProxy */;
		};
		727B1DDE2AF7E7FA00F7E2EC /* PBXTargetDependency */ = {
			isa = PBXTargetDependency;
			target = 727B1DBB2AF7E7F900F7E2EC /* I Am Poor */;
			targetProxy = 727B1DDD2AF7E7FA00F7E2EC /* PBXContainerItemProxy */;
		};
/* End PBXTargetDependency section */

/* Begin PBXVariantGroup section */
		727B1DC52AF7E7F900F7E2EC /* Main.storyboard */ = {
			isa = PBXVariantGroup;
			children = (
				727B1DC62AF7E7F900F7E2EC /* Base */,
			);
			name = Main.storyboard;
			sourceTree = "<group>";
		};
		727B1DCA2AF7E7FA00F7E2EC /* LaunchScreen.storyboard */ = {
			isa = PBXVariantGroup;
			children = (
				727B1DCB2AF7E7FA00F7E2EC /* Base */,
			);
			name = LaunchScreen.storyboard;
			sourceTree = "<group>";
		};
/* End PBXVariantGroup section */

/* Begin XCBuildConfiguration section */
		727B1DE42AF7E7FA00F7E2EC /* Debug */ = {
			isa = XCBuildConfiguration;
			buildSettings = {
				ALWAYS_SEARCH_USER_PATHS = NO;
				ASSETCATALOG_COMPILER_GENERATE_SWIFT_ASSET_SYMBOL_EXTENSIONS = YES;
				CLANG_ANALYZER_NONNULL = YES;
				CLANG_ANALYZER_NUMBER_OBJECT_CONVERSION = YES_AGGRESSIVE;
				CLANG_CXX_LANGUAGE_STANDARD = "gnu++20";
				CLANG_ENABLE_MODULES = YES;
				CLANG_ENABLE_OBJC_ARC = YES;
				CLANG_ENABLE_OBJC_WEAK = YES;
				CLANG_WARN_BLOCK_CAPTURE_AUTORELEASING = YES;
				CLANG_WARN_BOOL_CONVERSION = YES;
				CLANG_WARN_COMMA = YES;
				CLANG_WARN_CONSTANT_CONVERSION = YES;
				CLANG_WARN_DEPRECATED_OBJC_IMPLEMENTATIONS = YES;
				CLANG_WARN_DIRECT_OBJC_ISA_USAGE = YES_ERROR;
				CLANG_WARN_DOCUMENTATION_COMMENTS = YES;
				CLANG_WARN_EMPTY_BODY = YES;
				CLANG_WARN_ENUM_CONVERSION = YES;
				CLANG_WARN_INFINITE_RECURSION = YES;
				CLANG_WARN_INT_CONVERSION = YES;
				CLANG_WARN_NON_LITERAL_NULL_CONVERSION = YES;
				CLANG_WARN_OBJC_IMPLICIT_RETAIN_SELF = YES;
				CLANG_WARN_OBJC_LITERAL_CONVERSION = YES;
				CLANG_WARN_OBJC_ROOT_CLASS = YES_ERROR;
				CLANG_WARN_QUOTED_INCLUDE_IN_FRAMEWORK_HEADER = YES;
				CLANG_WARN_RANGE_LOOP_ANALYSIS = YES;
				CLANG_WARN_STRICT_PROTOTYPES = YES;
				CLANG_WARN_SUSPICIOUS_MOVE = YES;
				CLANG_WARN_UNGUARDED_AVAILABILITY = YES_AGGRESSIVE;
				CLANG_WARN_UNREACHABLE_CODE = YES;
				CLANG_WARN__DUPLICATE_METHOD_MATCH = YES;
				COPY_PHASE_STRIP = NO;
				DEBUG_INFORMATION_FORMAT = dwarf;
				ENABLE_STRICT_OBJC_MSGSEND = YES;
				ENABLE_TESTABILITY = YES;
				ENABLE_USER_SCRIPT_SANDBOXING = YES;
				GCC_C_LANGUAGE_STANDARD = gnu17;
				GCC_DYNAMIC_NO_PIC = NO;
				GCC_NO_COMMON_BLOCKS = YES;
				GCC_OPTIMIZATION_LEVEL = 0;
				GCC_PREPROCESSOR_DEFINITIONS = (
					"DEBUG=1",
					"$(inherited)",
				);
				GCC_WARN_64_TO_32_BIT_CONVERSION = YES;
				GCC_WARN_ABOUT_RETURN_TYPE = YES_ERROR;
				GCC_WARN_UNDECLARED_SELECTOR = YES;
				GCC_WARN_UNINITIALIZED_AUTOS = YES_AGGRESSIVE;
				GCC_WARN_UNUSED_FUNCTION = YES;
				GCC_WARN_UNUSED_VARIABLE = YES;
				IPHONEOS_DEPLOYMENT_TARGET = 17.0;
				LOCALIZATION_PREFERS_STRING_CATALOGS = YES;
				MTL_ENABLE_DEBUG_INFO = INCLUDE_SOURCE;
				MTL_FAST_MATH = YES;
				ONLY_ACTIVE_ARCH = YES;
				SDKROOT = iphoneos;
				SWIFT_ACTIVE_COMPILATION_CONDITIONS = "DEBUG $(inherited)";
				SWIFT_OPTIMIZATION_LEVEL = "-Onone";
			};
			name = Debug;
		};
		727B1DE52AF7E7FA00F7E2EC /* Release */ = {
			isa = XCBuildConfiguration;
			buildSettings = {
				ALWAYS_SEARCH_USER_PATHS = NO;
				ASSETCATALOG_COMPILER_GENERATE_SWIFT_ASSET_SYMBOL_EXTENSIONS = YES;
				CLANG_ANALYZER_NONNULL = YES;
				CLANG_ANALYZER_NUMBER_OBJECT_CONVERSION = YES_AGGRESSIVE;
				CLANG_CXX_LANGUAGE_STANDARD = "gnu++20";
				CLANG_ENABLE_MODULES = YES;
				CLANG_ENABLE_OBJC_ARC = YES;
				CLANG_ENABLE_OBJC_WEAK = YES;
				CLANG_WARN_BLOCK_CAPTURE_AUTORELEASING = YES;
				CLANG_WARN_BOOL_CONVERSION = YES;
				CLANG_WARN_COMMA = YES;
				CLANG_WARN_CONSTANT_CONVERSION = YES;
				CLANG_WARN_DEPRECATED_OBJC_IMPLEMENTATIONS = YES;
				CLANG_WARN_DIRECT_OBJC_ISA_USAGE = YES_ERROR;
				CLANG_WARN_DOCUMENTATION_COMMENTS = YES;
				CLANG_WARN_EMPTY_BODY = YES;
				CLANG_WARN_ENUM_CONVERSION = YES;
				CLANG_WARN_INFINITE_RECURSION = YES;
				CLANG_WARN_INT_CONVERSION = YES;
				CLANG_WARN_NON_LITERAL_NULL_CONVERSION = YES;
				CLANG_WARN_OBJC_IMPLICIT_RETAIN_SELF = YES;
				CLANG_WARN_OBJC_LITERAL_CONVERSION = YES;
				CLANG_WARN_OBJC_ROOT_CLASS = YES_ERROR;
				CLANG_WARN_QUOTED_INCLUDE_IN_FRAMEWORK_HEADER = YES;
				CLANG_WARN_RANGE_LOOP_ANALYSIS = YES;
				CLANG_WARN_STRICT_PROTOTYPES = YES;
				CLANG_WARN_SUSPICIOUS_MOVE = YES;
				CLANG_WARN_UNGUARDED_AVAILABILITY = YES_AGGRESSIVE;
				CLANG_WARN_UNREACHABLE_CODE = YES;
				CLANG_WARN__DUPLICATE_METHOD_MATCH = YES;
				COPY_PHASE_STRIP = NO;
				DEBUG_INFORMATION_FORMAT = "dwarf-with-dsym";
				ENABLE_NS_ASSERTIONS = NO;
				ENABLE_STRICT_OBJC_MSGSEND = YES;
				ENABLE_USER_SCRIPT_SANDBOXING = YES;
				GCC_C_LANGUAGE_STANDARD = gnu17;
				GCC_NO_COMMON_BLOCKS = YES;
				GCC_WARN_64_TO_32_BIT_CONVERSION = YES;
				GCC_WARN_ABOUT_RETURN_TYPE = YES_ERROR;
				GCC_WARN_UNDECLARED_SELECTOR = YES;
				GCC_WARN_UNINITIALIZED_AUTOS = YES_AGGRESSIVE;
				GCC_WARN_UNUSED_FUNCTION = YES;
				GCC_WARN_UNUSED_VARIABLE = YES;
				IPHONEOS_DEPLOYMENT_TARGET = 17.0;
				LOCALIZATION_PREFERS_STRING_CATALOGS = YES;
				MTL_ENABLE_DEBUG_INFO = NO;
				MTL_FAST_MATH = YES;
				SDKROOT = iphoneos;
				SWIFT_COMPILATION_MODE = wholemodule;
				VALIDATE_PRODUCT = YES;
			};
			name = Release;
		};
		727B1DE72AF7E7FA00F7E2EC /* Debug */ = {
			isa = XCBuildConfiguration;
			buildSettings = {
				ASSETCATALOG_COMPILER_APPICON_NAME = AppIcon;
				ASSETCATALOG_COMPILER_GLOBAL_ACCENT_COLOR_NAME = AccentColor;
				CODE_SIGN_STYLE = Automatic;
				CURRENT_PROJECT_VERSION = 1;
				DEVELOPMENT_TEAM = 7KRA9F4258;
				GENERATE_INFOPLIST_FILE = YES;
				INFOPLIST_FILE = "I Am Poor/Info.plist";
				INFOPLIST_KEY_UIApplicationSupportsIndirectInputEvents = YES;
				INFOPLIST_KEY_UILaunchStoryboardName = LaunchScreen;
				INFOPLIST_KEY_UIMainStoryboardFile = Main;
				INFOPLIST_KEY_UISupportedInterfaceOrientations_iPad = "UIInterfaceOrientationPortrait UIInterfaceOrientationPortraitUpsideDown UIInterfaceOrientationLandscapeLeft UIInterfaceOrientationLandscapeRight";
				INFOPLIST_KEY_UISupportedInterfaceOrientations_iPhone = "UIInterfaceOrientationPortrait UIInterfaceOrientationLandscapeLeft UIInterfaceOrientationLandscapeRight";
				LD_RUNPATH_SEARCH_PATHS = (
					"$(inherited)",
					"@executable_path/Frameworks",
				);
				MARKETING_VERSION = 1.0;
				PRODUCT_BUNDLE_IDENTIFIER = "io.slaven.I-Am-Poor";
				PRODUCT_NAME = "$(TARGET_NAME)";
				SWIFT_EMIT_LOC_STRINGS = YES;
				SWIFT_VERSION = 5.0;
				TARGETED_DEVICE_FAMILY = "1,2";
			};
			name = Debug;
		};
		727B1DE82AF7E7FA00F7E2EC /* Release */ = {
			isa = XCBuildConfiguration;
			buildSettings = {
				ASSETCATALOG_COMPILER_APPICON_NAME = AppIcon;
				ASSETCATALOG_COMPILER_GLOBAL_ACCENT_COLOR_NAME = AccentColor;
				CODE_SIGN_STYLE = Automatic;
				CURRENT_PROJECT_VERSION = 1;
				DEVELOPMENT_TEAM = 7KRA9F4258;
				GENERATE_INFOPLIST_FILE = YES;
				INFOPLIST_FILE = "I Am Poor/Info.plist";
				INFOPLIST_KEY_UIApplicationSupportsIndirectInputEvents = YES;
				INFOPLIST_KEY_UILaunchStoryboardName = LaunchScreen;
				INFOPLIST_KEY_UIMainStoryboardFile = Main;
				INFOPLIST_KEY_UISupportedInterfaceOrientations_iPad = "UIInterfaceOrientationPortrait UIInterfaceOrientationPortraitUpsideDown UIInterfaceOrientationLandscapeLeft UIInterfaceOrientationLandscapeRight";
				INFOPLIST_KEY_UISupportedInterfaceOrientations_iPhone = "UIInterfaceOrientationPortrait UIInterfaceOrientationLandscapeLeft UIInterfaceOrientationLandscapeRight";
				LD_RUNPATH_SEARCH_PATHS = (
					"$(inherited)",
					"@executable_path/Frameworks",
				);
				MARKETING_VERSION = 1.0;
				PRODUCT_BUNDLE_IDENTIFIER = "io.slaven.I-Am-Poor";
				PRODUCT_NAME = "$(TARGET_NAME)";
				SWIFT_EMIT_LOC_STRINGS = YES;
				SWIFT_VERSION = 5.0;
				TARGETED_DEVICE_FAMILY = "1,2";
			};
			name = Release;
		};
		727B1DEA2AF7E7FA00F7E2EC /* Debug */ = {
			isa = XCBuildConfiguration;
			buildSettings = {
				ALWAYS_EMBED_SWIFT_STANDARD_LIBRARIES = YES;
				BUNDLE_LOADER = "$(TEST_HOST)";
				CODE_SIGN_STYLE = Automatic;
				CURRENT_PROJECT_VERSION = 1;
				DEVELOPMENT_TEAM = 7KRA9F4258;
				GENERATE_INFOPLIST_FILE = YES;
				IPHONEOS_DEPLOYMENT_TARGET = 17.0;
				MARKETING_VERSION = 1.0;
				PRODUCT_BUNDLE_IDENTIFIER = "io.slaven.I-Am-PoorTests";
				PRODUCT_NAME = "$(TARGET_NAME)";
				SWIFT_EMIT_LOC_STRINGS = NO;
				SWIFT_VERSION = 5.0;
				TARGETED_DEVICE_FAMILY = "1,2";
				TEST_HOST = "$(BUILT_PRODUCTS_DIR)/I Am Poor.app/$(BUNDLE_EXECUTABLE_FOLDER_PATH)/I Am Poor";
			};
			name = Debug;
		};
		727B1DEB2AF7E7FA00F7E2EC /* Release */ = {
			isa = XCBuildConfiguration;
			buildSettings = {
				ALWAYS_EMBED_SWIFT_STANDARD_LIBRARIES = YES;
				BUNDLE_LOADER = "$(TEST_HOST)";
				CODE_SIGN_STYLE = Automatic;
				CURRENT_PROJECT_VERSION = 1;
				DEVELOPMENT_TEAM = 7KRA9F4258;
				GENERATE_INFOPLIST_FILE = YES;
				IPHONEOS_DEPLOYMENT_TARGET = 17.0;
				MARKETING_VERSION = 1.0;
				PRODUCT_BUNDLE_IDENTIFIER = "io.slaven.I-Am-PoorTests";
				PRODUCT_NAME = "$(TARGET_NAME)";
				SWIFT_EMIT_LOC_STRINGS = NO;
				SWIFT_VERSION = 5.0;
				TARGETED_DEVICE_FAMILY = "1,2";
				TEST_HOST = "$(BUILT_PRODUCTS_DIR)/I Am Poor.app/$(BUNDLE_EXECUTABLE_FOLDER_PATH)/I Am Poor";
			};
			name = Release;
		};
		727B1DED2AF7E7FA00F7E2EC /* Debug */ = {
			isa = XCBuildConfiguration;
			buildSettings = {
				ALWAYS_EMBED_SWIFT_STANDARD_LIBRARIES = YES;
				CODE_SIGN_STYLE = Automatic;
				CURRENT_PROJECT_VERSION = 1;
				DEVELOPMENT_TEAM = 7KRA9F4258;
				GENERATE_INFOPLIST_FILE = YES;
				MARKETING_VERSION = 1.0;
				PRODUCT_BUNDLE_IDENTIFIER = "io.slaven.I-Am-PoorUITests";
				PRODUCT_NAME = "$(TARGET_NAME)";
				SWIFT_EMIT_LOC_STRINGS = NO;
				SWIFT_VERSION = 5.0;
				TARGETED_DEVICE_FAMILY = "1,2";
				TEST_TARGET_NAME = "I Am Poor";
			};
			name = Debug;
		};
		727B1DEE2AF7E7FA00F7E2EC /* Release */ = {
			isa = XCBuildConfiguration;
			buildSettings = {
				ALWAYS_EMBED_SWIFT_STANDARD_LIBRARIES = YES;
				CODE_SIGN_STYLE = Automatic;
				CURRENT_PROJECT_VERSION = 1;
				DEVELOPMENT_TEAM = 7KRA9F4258;
				GENERATE_INFOPLIST_FILE = YES;
				MARKETING_VERSION = 1.0;
				PRODUCT_BUNDLE_IDENTIFIER = "io.slaven.I-Am-PoorUITests";
				PRODUCT_NAME = "$(TARGET_NAME)";
				SWIFT_EMIT_LOC_STRINGS = NO;
				SWIFT_VERSION = 5.0;
				TARGETED_DEVICE_FAMILY = "1,2";
				TEST_TARGET_NAME = "I Am Poor";
			};
			name = Release;
		};
/* End XCBuildConfiguration section */

/* Begin XCConfigurationList section */
		727B1DB72AF7E7F900F7E2EC /* Build configuration list for PBXProject "I Am Poor" */ = {
			isa = XCConfigurationList;
			buildConfigurations = (
				727B1DE42AF7E7FA00F7E2EC /* Debug */,
				727B1DE52AF7E7FA00F7E2EC /* Release */,
			);
			defaultConfigurationIsVisible = 0;
			defaultConfigurationName = Release;
		};
		727B1DE62AF7E7FA00F7E2EC /* Build configuration list for PBXNativeTarget "I Am Poor" */ = {
			isa = XCConfigurationList;
			buildConfigurations = (
				727B1DE72AF7E7FA00F7E2EC /* Debug */,
				727B1DE82AF7E7FA00F7E2EC /* Release */,
			);
			defaultConfigurationIsVisible = 0;
			defaultConfigurationName = Release;
		};
		727B1DE92AF7E7FA00F7E2EC /* Build configuration list for PBXNativeTarget "I Am PoorTests" */ = {
			isa = XCConfigurationList;
			buildConfigurations = (
				727B1DEA2AF7E7FA00F7E2EC /* Debug */,
				727B1DEB2AF7E7FA00F7E2EC /* Release */,
			);
			defaultConfigurationIsVisible = 0;
			defaultConfigurationName = Release;
		};
		727B1DEC2AF7E7FA00F7E2EC /* Build configuration list for PBXNativeTarget "I Am PoorUITests" */ = {
			isa = XCConfigurationList;
			buildConfigurations = (
				727B1DED2AF7E7FA00F7E2EC /* Debug */,
				727B1DEE2AF7E7FA00F7E2EC /* Release */,
			);
			defaultConfigurationIsVisible = 0;
			defaultConfigurationName = Release;
		};
/* End XCConfigurationList section */
	};
	rootObject = 727B1DB42AF7E7F900F7E2EC /* Project object */;
}
